// !$*UTF8*$!
{
	archiveVersion = 1;
	classes = {
	};
	objectVersion = 50;
	objects = {

/* Begin PBXBuildFile section */
		651180DE2485904B00AA8E3F /* AppDelegate.swift in Sources */ = {isa = PBXBuildFile; fileRef = 651180DD2485904B00AA8E3F /* AppDelegate.swift */; };
		651180E02485904B00AA8E3F /* SceneDelegate.swift in Sources */ = {isa = PBXBuildFile; fileRef = 651180DF2485904B00AA8E3F /* SceneDelegate.swift */; };
		651180E22485904B00AA8E3F /* ViewController.swift in Sources */ = {isa = PBXBuildFile; fileRef = 651180E12485904B00AA8E3F /* ViewController.swift */; };
		651180E52485904B00AA8E3F /* Main.storyboard in Resources */ = {isa = PBXBuildFile; fileRef = 651180E32485904B00AA8E3F /* Main.storyboard */; };
		651180E72485904D00AA8E3F /* Assets.xcassets in Resources */ = {isa = PBXBuildFile; fileRef = 651180E62485904D00AA8E3F /* Assets.xcassets */; };
		651180EA2485904D00AA8E3F /* LaunchScreen.storyboard in Resources */ = {isa = PBXBuildFile; fileRef = 651180E82485904D00AA8E3F /* LaunchScreen.storyboard */; };
/* End PBXBuildFile section */

/* Begin PBXFileReference section */
		651180DA2485904B00AA8E3F /* App2Less2.app */ = {isa = PBXFileReference; explicitFileType = wrapper.application; includeInIndex = 0; path = App2Less2.app; sourceTree = BUILT_PRODUCTS_DIR; };
		651180DD2485904B00AA8E3F /* AppDelegate.swift */ = {isa = PBXFileReference; lastKnownFileType = sourcecode.swift; path = AppDelegate.swift; sourceTree = "<group>"; };
		651180DF2485904B00AA8E3F /* SceneDelegate.swift */ = {isa = PBXFileReference; lastKnownFileType = sourcecode.swift; path = SceneDelegate.swift; sourceTree = "<group>"; };
		651180E12485904B00AA8E3F /* ViewController.swift */ = {isa = PBXFileReference; lastKnownFileType = sourcecode.swift; path = ViewController.swift; sourceTree = "<group>"; };
		651180E42485904B00AA8E3F /* Base */ = {isa = PBXFileReference; lastKnownFileType = file.storyboard; name = Base; path = Base.lproj/Main.storyboard; sourceTree = "<group>"; };
		651180E62485904D00AA8E3F /* Assets.xcassets */ = {isa = PBXFileReference; lastKnownFileType = folder.assetcatalog; path = Assets.xcassets; sourceTree = "<group>"; };
		651180E92485904D00AA8E3F /* Base */ = {isa = PBXFileReference; lastKnownFileType = file.storyboard; name = Base; path = Base.lproj/LaunchScreen.storyboard; sourceTree = "<group>"; };
		651180EB2485904D00AA8E3F /* Info.plist */ = {isa = PBXFileReference; lastKnownFileType = text.plist.xml; path = Info.plist; sourceTree = "<group>"; };
/* End PBXFileReference section */

/* Begin PBXFrameworksBuildPhase section */
		651180D72485904B00AA8E3F /* Frameworks */ = {
			isa = PBXFrameworksBuildPhase;
			buildActionMask = 2147483647;
			files = (
			);
			runOnlyForDeploymentPostprocessing = 0;
		};
/* End PBXFrameworksBuildPhase section */

/* Begin PBXGroup section */
		651180D12485904B00AA8E3F = {
			isa = PBXGroup;
			children = (
				651180DC2485904B00AA8E3F /* App2Less2 */,
				651180DB2485904B00AA8E3F /* Products */,
			);
			sourceTree = "<group>";
		};
		651180DB2485904B00AA8E3F /* Products */ = {
			isa = PBXGroup;
			children = (
				651180DA2485904B00AA8E3F /* App2Less2.app */,
			);
			name = Products;
			sourceTree = "<group>";
		};
		651180DC2485904B00AA8E3F /* App2Less2 */ = {
			isa = PBXGroup;
			children = (
				651180DD2485904B00AA8E3F /* AppDelegate.swift */,
				651180DF2485904B00AA8E3F /* SceneDelegate.swift */,
				651180E12485904B00AA8E3F /* ViewController.swift */,
				651180E32485904B00AA8E3F /* Main.storyboard */,
				651180E62485904D00AA8E3F /* Assets.xcassets */,
				651180E82485904D00AA8E3F /* LaunchScreen.storyboard */,
				651180EB2485904D00AA8E3F /* Info.plist */,
			);
			path = App2Less2;
			sourceTree = "<group>";
		};
/* End PBXGroup section */

/* Begin PBXNativeTarget section */
		651180D92485904B00AA8E3F /* App2Less2 */ = {
			isa = PBXNativeTarget;
			buildConfigurationList = 651180EE2485904D00AA8E3F /* Build configuration list for PBXNativeTarget "App2Less2" */;
			buildPhases = (
				651180D62485904B00AA8E3F /* Sources */,
				651180D72485904B00AA8E3F /* Frameworks */,
				651180D82485904B00AA8E3F /* Resources */,
			);
			buildRules = (
			);
			dependencies = (
			);
			name = App2Less2;
			productName = App2Less2;
			productReference = 651180DA2485904B00AA8E3F /* App2Less2.app */;
			productType = "com.apple.product-type.application";
		};
/* End PBXNativeTarget section */

/* Begin PBXProject section */
		651180D22485904B00AA8E3F /* Project object */ = {
			isa = PBXProject;
			attributes = {
				LastSwiftUpdateCheck = 1150;
				LastUpgradeCheck = 1150;
				ORGANIZATIONNAME = Artnetsoft;
				TargetAttributes = {
					651180D92485904B00AA8E3F = {
						CreatedOnToolsVersion = 11.5;
					};
				};
			};
			buildConfigurationList = 651180D52485904B00AA8E3F /* Build configuration list for PBXProject "App2Less2" */;
			compatibilityVersion = "Xcode 9.3";
			developmentRegion = en;
			hasScannedForEncodings = 0;
			knownRegions = (
				en,
				Base,
			);
			mainGroup = 651180D12485904B00AA8E3F;
			productRefGroup = 651180DB2485904B00AA8E3F /* Products */;
			projectDirPath = "";
			projectRoot = "";
			targets = (
				651180D92485904B00AA8E3F /* App2Less2 */,
			);
		};
/* End PBXProject section */

/* Begin PBXResourcesBuildPhase section */
		651180D82485904B00AA8E3F /* Resources */ = {
			isa = PBXResourcesBuildPhase;
			buildActionMask = 2147483647;
			files = (
				651180EA2485904D00AA8E3F /* LaunchScreen.storyboard in Resources */,
				651180E72485904D00AA8E3F /* Assets.xcassets in Resources */,
				651180E52485904B00AA8E3F /* Main.storyboard in Resources */,
			);
			runOnlyForDeploymentPostprocessing = 0;
		};
/* End PBXResourcesBuildPhase section */

/* Begin PBXSourcesBuildPhase section */
		651180D62485904B00AA8E3F /* Sources */ = {
			isa = PBXSourcesBuildPhase;
			buildActionMask = 2147483647;
			files = (
				651180E22485904B00AA8E3F /* ViewController.swift in Sources */,
				651180DE2485904B00AA8E3F /* AppDelegate.swift in Sources */,
				651180E02485904B00AA8E3F /* SceneDelegate.swift in Sources */,
			);
			runOnlyForDeploymentPostprocessing = 0;
		};
/* End PBXSourcesBuildPhase section */

/* Begin PBXVariantGroup section */
		651180E32485904B00AA8E3F /* Main.storyboard */ = {
			isa = PBXVariantGroup;
			children = (
				651180E42485904B00AA8E3F /* Base */,
			);
			name = Main.storyboard;
			sourceTree = "<group>";
		};
		651180E82485904D00AA8E3F /* LaunchScreen.storyboard */ = {
			isa = PBXVariantGroup;
			children = (
				651180E92485904D00AA8E3F /* Base */,
			);
			name = LaunchScreen.storyboard;
			sourceTree = "<group>";
		};
/* End PBXVariantGroup section */

/* Begin XCBuildConfiguration section */
		651180EC2485904D00AA8E3F /* Debug */ = {
			isa = XCBuildConfiguration;
			buildSettings = {
				ALWAYS_SEARCH_USER_PATHS = NO;
				CLANG_ANALYZER_NONNULL = YES;
				CLANG_ANALYZER_NUMBER_OBJECT_CONVERSION = YES_AGGRESSIVE;
				CLANG_CXX_LANGUAGE_STANDARD = "gnu++14";
				CLANG_CXX_LIBRARY = "libc++";
				CLANG_ENABLE_MODULES = YES;
				CLANG_ENABLE_OBJC_ARC = YES;
				CLANG_ENABLE_OBJC_WEAK = YES;
				CLANG_WARN_BLOCK_CAPTURE_AUTORELEASING = YES;
				CLANG_WARN_BOOL_CONVERSION = YES;
				CLANG_WARN_COMMA = YES;
				CLANG_WARN_CONSTANT_CONVERSION = YES;
				CLANG_WARN_DEPRECATED_OBJC_IMPLEMENTATIONS = YES;
				CLANG_WARN_DIRECT_OBJC_ISA_USAGE = YES_ERROR;
				CLANG_WARN_DOCUMENTATION_COMMENTS = YES;
				CLANG_WARN_EMPTY_BODY = YES;
				CLANG_WARN_ENUM_CONVERSION = YES;
				CLANG_WARN_INFINITE_RECURSION = YES;
				CLANG_WARN_INT_CONVERSION = YES;
				CLANG_WARN_NON_LITERAL_NULL_CONVERSION = YES;
				CLANG_WARN_OBJC_IMPLICIT_RETAIN_SELF = YES;
				CLANG_WARN_OBJC_LITERAL_CONVERSION = YES;
				CLANG_WARN_OBJC_ROOT_CLASS = YES_ERROR;
				CLANG_WARN_RANGE_LOOP_ANALYSIS = YES;
				CLANG_WARN_STRICT_PROTOTYPES = YES;
				CLANG_WARN_SUSPICIOUS_MOVE = YES;
				CLANG_WARN_UNGUARDED_AVAILABILITY = YES_AGGRESSIVE;
				CLANG_WARN_UNREACHABLE_CODE = YES;
				CLANG_WARN__DUPLICATE_METHOD_MATCH = YES;
				COPY_PHASE_STRIP = NO;
				DEBUG_INFORMATION_FORMAT = dwarf;
				ENABLE_STRICT_OBJC_MSGSEND = YES;
				ENABLE_TESTABILITY = YES;
				GCC_C_LANGUAGE_STANDARD = gnu11;
				GCC_DYNAMIC_NO_PIC = NO;
				GCC_NO_COMMON_BLOCKS = YES;
				GCC_OPTIMIZATION_LEVEL = 0;
				GCC_PREPROCESSOR_DEFINITIONS = (
					"DEBUG=1",
					"$(inherited)",
				);
				GCC_WARN_64_TO_32_BIT_CONVERSION = YES;
				GCC_WARN_ABOUT_RETURN_TYPE = YES_ERROR;
				GCC_WARN_UNDECLARED_SELECTOR = YES;
				GCC_WARN_UNINITIALIZED_AUTOS = YES_AGGRESSIVE;
				GCC_WARN_UNUSED_FUNCTION = YES;
				GCC_WARN_UNUSED_VARIABLE = YES;
				IPHONEOS_DEPLOYMENT_TARGET = 13.5;
				MTL_ENABLE_DEBUG_INFO = INCLUDE_SOURCE;
				MTL_FAST_MATH = YES;
				ONLY_ACTIVE_ARCH = YES;
				SDKROOT = iphoneos;
				SWIFT_ACTIVE_COMPILATION_CONDITIONS = DEBUG;
				SWIFT_OPTIMIZATION_LEVEL = "-Onone";
			};
			name = Debug;
		};
		651180ED2485904D00AA8E3F /* Release */ = {
			isa = XCBuildConfiguration;
			buildSettings = {
				ALWAYS_SEARCH_USER_PATHS = NO;
				CLANG_ANALYZER_NONNULL = YES;
				CLANG_ANALYZER_NUMBER_OBJECT_CONVERSION = YES_AGGRESSIVE;
				CLANG_CXX_LANGUAGE_STANDARD = "gnu++14";
				CLANG_CXX_LIBRARY = "libc++";
				CLANG_ENABLE_MODULES = YES;
				CLANG_ENABLE_OBJC_ARC = YES;
				CLANG_ENABLE_OBJC_WEAK = YES;
				CLANG_WARN_BLOCK_CAPTURE_AUTORELEASING = YES;
				CLANG_WARN_BOOL_CONVERSION = YES;
				CLANG_WARN_COMMA = YES;
				CLANG_WARN_CONSTANT_CONVERSION = YES;
				CLANG_WARN_DEPRECATED_OBJC_IMPLEMENTATIONS = YES;
				CLANG_WARN_DIRECT_OBJC_ISA_USAGE = YES_ERROR;
				CLANG_WARN_DOCUMENTATION_COMMENTS = YES;
				CLANG_WARN_EMPTY_BODY = YES;
				CLANG_WARN_ENUM_CONVERSION = YES;
				CLANG_WARN_INFINITE_RECURSION = YES;
				CLANG_WARN_INT_CONVERSION = YES;
				CLANG_WARN_NON_LITERAL_NULL_CONVERSION = YES;
				CLANG_WARN_OBJC_IMPLICIT_RETAIN_SELF = YES;
				CLANG_WARN_OBJC_LITERAL_CONVERSION = YES;
				CLANG_WARN_OBJC_ROOT_CLASS = YES_ERROR;
				CLANG_WARN_RANGE_LOOP_ANALYSIS = YES;
				CLANG_WARN_STRICT_PROTOTYPES = YES;
				CLANG_WARN_SUSPICIOUS_MOVE = YES;
				CLANG_WARN_UNGUARDED_AVAILABILITY = YES_AGGRESSIVE;
				CLANG_WARN_UNREACHABLE_CODE = YES;
				CLANG_WARN__DUPLICATE_METHOD_MATCH = YES;
				COPY_PHASE_STRIP = NO;
				DEBUG_INFORMATION_FORMAT = "dwarf-with-dsym";
				ENABLE_NS_ASSERTIONS = NO;
				ENABLE_STRICT_OBJC_MSGSEND = YES;
				GCC_C_LANGUAGE_STANDARD = gnu11;
				GCC_NO_COMMON_BLOCKS = YES;
				GCC_WARN_64_TO_32_BIT_CONVERSION = YES;
				GCC_WARN_ABOUT_RETURN_TYPE = YES_ERROR;
				GCC_WARN_UNDECLARED_SELECTOR = YES;
				GCC_WARN_UNINITIALIZED_AUTOS = YES_AGGRESSIVE;
				GCC_WARN_UNUSED_FUNCTION = YES;
				GCC_WARN_UNUSED_VARIABLE = YES;
				IPHONEOS_DEPLOYMENT_TARGET = 13.5;
				MTL_ENABLE_DEBUG_INFO = NO;
				MTL_FAST_MATH = YES;
				SDKROOT = iphoneos;
				SWIFT_COMPILATION_MODE = wholemodule;
				SWIFT_OPTIMIZATION_LEVEL = "-O";
				VALIDATE_PRODUCT = YES;
			};
			name = Release;
		};
		651180EF2485904D00AA8E3F /* Debug */ = {
			isa = XCBuildConfiguration;
			buildSettings = {
				ASSETCATALOG_COMPILER_APPICON_NAME = AppIcon;
				CODE_SIGN_STYLE = Automatic;
				DEVELOPMENT_TEAM = 4228AQD2TZ;
				INFOPLIST_FILE = App2Less2/Info.plist;
				LD_RUNPATH_SEARCH_PATHS = (
					"$(inherited)",
					"@executable_path/Frameworks",
				);
				PRODUCT_BUNDLE_IDENTIFIER = com.artnetsoft.App2Less2;
				PRODUCT_NAME = "$(TARGET_NAME)";
				SWIFT_VERSION = 5.0;
				TARGETED_DEVICE_FAMILY = "1,2";
			};
			name = Debug;
		};
		651180F02485904D00AA8E3F /* Release */ = {
			isa = XCBuildConfiguration;
			buildSettings = {
				ASSETCATALOG_COMPILER_APPICON_NAME = AppIcon;
				CODE_SIGN_STYLE = Automatic;
				DEVELOPMENT_TEAM = 4228AQD2TZ;
				INFOPLIST_FILE = App2Less2/Info.plist;
				LD_RUNPATH_SEARCH_PATHS = (
					"$(inherited)",
					"@executable_path/Frameworks",
				);
				PRODUCT_BUNDLE_IDENTIFIER = com.artnetsoft.App2Less2;
				PRODUCT_NAME = "$(TARGET_NAME)";
				SWIFT_VERSION = 5.0;
				TARGETED_DEVICE_FAMILY = "1,2";
			};
			name = Release;
		};
/* End XCBuildConfiguration section */

/* Begin XCConfigurationList section */
		651180D52485904B00AA8E3F /* Build configuration list for PBXProject "App2Less2" */ = {
			isa = XCConfigurationList;
			buildConfigurations = (
				651180EC2485904D00AA8E3F /* Debug */,
				651180ED2485904D00AA8E3F /* Release */,
			);
			defaultConfigurationIsVisible = 0;
			defaultConfigurationName = Release;
		};
		651180EE2485904D00AA8E3F /* Build configuration list for PBXNativeTarget "App2Less2" */ = {
			isa = XCConfigurationList;
			buildConfigurations = (
				651180EF2485904D00AA8E3F /* Debug */,
				651180F02485904D00AA8E3F /* Release */,
			);
			defaultConfigurationIsVisible = 0;
			defaultConfigurationName = Release;
		};
/* End XCConfigurationList section */
	};
	rootObject = 651180D22485904B00AA8E3F /* Project object */;
}
